
Microsoft Visual Studio Solution File, Format Version 12.00
# Visual Studio 14
VisualStudioVersion = 14.0.25420.1
MinimumVisualStudioVersion = 10.0.40219.1
Project("{2150E333-8FDC-42A3-9474-1A3956D46DE8}") = "Foundation", "Foundation", "{AF84B35D-1848-4AF3-880D-A6B7308D874C}"
EndProject
Project("{2150E333-8FDC-42A3-9474-1A3956D46DE8}") = "Instrument", "Instrument", "{A1C861DA-6953-4A37-89FA-E145DB39BDEA}"
EndProject
Project("{FAE04EC0-301F-11D3-BF4B-00C04F79EFBC}") = "QZ.Foundation.Monad", "QZ.Foundation.Monad\QZ.Foundation.Monad.csproj", "{4C7B018B-0C86-45F9-877B-AE539589A7EB}"
EndProject
Project("{FAE04EC0-301F-11D3-BF4B-00C04F79EFBC}") = "QZ.Foundation.Model", "QZ.Foundation.Model\QZ.Foundation.Model.csproj", "{E2334851-6C46-4EC0-AB62-F499E830845D}"
EndProject
Project("{FAE04EC0-301F-11D3-BF4B-00C04F79EFBC}") = "QZ.Instrument.Utility", "QZ.Instrument.Utility\QZ.Instrument.Utility.csproj", "{50463455-5ECE-46D8-A776-DC1B2FA3C05B}"
EndProject
Project("{FAE04EC0-301F-11D3-BF4B-00C04F79EFBC}") = "QZ.Instrument.Model", "QZ.Instrument.Model\QZ.Instrument.Model.csproj", "{6CD04B1B-F2FE-4422-B70A-E542E5F8B50A}"
EndProject
Project("{FAE04EC0-301F-11D3-BF4B-00C04F79EFBC}") = "QZ.Instrument.Interface", "QZ.Instrument.Interface\QZ.Instrument.Interface.csproj", "{ECCD55DE-EBA1-4632-B394-33B14D285E27}"
EndProject
Project("{FAE04EC0-301F-11D3-BF4B-00C04F79EFBC}") = "QZ.Instrument.DataAccess", "QZ.Instrument.DataAccess\QZ.Instrument.DataAccess.csproj", "{8F65EC06-F353-49F4-A891-D5CB96C42146}"
EndProject
Project("{FAE04EC0-301F-11D3-BF4B-00C04F79EFBC}") = "QZ.Foundation.Utility", "QZ.Foundation.Utility\QZ.Foundation.Utility.csproj", "{43F30AD8-4D4A-4A7F-A9ED-79A64930EBC0}"
EndProject
Project("{2150E333-8FDC-42A3-9474-1A3956D46DE8}") = "Service", "Service", "{DBF5D019-1492-49AC-86B7-F1FF0B189F98}"
EndProject
Project("{2150E333-8FDC-42A3-9474-1A3956D46DE8}") = "Test", "Test", "{AB02F4C7-B31F-4F08-B88D-178F6D740F7D}"
EndProject
Project("{FAE04EC0-301F-11D3-BF4B-00C04F79EFBC}") = "QZ.Service.Enterprise", "QZ.Service.Enterprise\QZ.Service.Enterprise.csproj", "{F36BC458-5D20-4C3E-9ECA-F7406DEE6910}"
EndProject
Project("{FAE04EC0-301F-11D3-BF4B-00C04F79EFBC}") = "QZ.Test.Client", "QZ.Test.Client\QZ.Test.Client.csproj", "{87D60F9C-ECB1-4F37-84AE-B8EE8E314E05}"
EndProject
Project("{FAE04EC0-301F-11D3-BF4B-00C04F79EFBC}") = "QZ.Test.NUnit", "QZ.Test.NUnit\QZ.Test.NUnit.csproj", "{EFC6A486-7751-497C-A58D-F3461742A9F2}"
EndProject
Project("{FAE04EC0-301F-11D3-BF4B-00C04F79EFBC}") = "QZ.Service.Log", "QZ.Service.Log\QZ.Service.Log.csproj", "{DAE8A928-AB2A-4923-99F8-7B3D410C0159}"
EndProject
Project("{FAE04EC0-301F-11D3-BF4B-00C04F79EFBC}") = "QZ.Service.LogHost", "QZ.Service.LogHost\QZ.Service.LogHost.csproj", "{A7D92045-C827-4E8F-A3EA-AFFB17A36CFD}"
EndProject
Project("{FAE04EC0-301F-11D3-BF4B-00C04F79EFBC}") = "QZ.Test.Service.Host", "QZ.Test.Service.Host\QZ.Test.Service.Host.csproj", "{5894D6E9-BB83-463C-94C1-B4F2D2354495}"
EndProject
Project("{FAE04EC0-301F-11D3-BF4B-00C04F79EFBC}") = "QZ.Instrument.LogClient", "QZ.Instrument.LogClient\QZ.Instrument.LogClient.csproj", "{CAFEF55C-CFF5-47FF-BF2A-CD879345357C}"
EndProject
Project("{FAE04EC0-301F-11D3-BF4B-00C04F79EFBC}") = "QZ.Test.Service.Client", "QZ.Test.Service.Client\QZ.Test.Service.Client.csproj", "{448B1791-7251-47EA-B73D-B8B7FFEC10B4}"
EndProject
Project("{2150E333-8FDC-42A3-9474-1A3956D46DE8}") = "Annotation", "Annotation", "{F9CABA7F-3EB7-40A1-8EE2-96C58D50F057}"
	ProjectSection(SolutionItems) = preProject
		Deployment.txt = Deployment.txt
		Dev_Schedule.txt = Dev_Schedule.txt
		Project.txt = Project.txt
		Sp_Change_List.txt = Sp_Change_List.txt
	EndProjectSection
EndProject
Project("{FAE04EC0-301F-11D3-BF4B-00C04F79EFBC}") = "QZ.Instrument.Client", "QZ.Instrument.Client\QZ.Instrument.Client.csproj", "{D90B4929-F494-4EB0-B14D-6342B034FC0A}"
EndProject
Project("{FAE04EC0-301F-11D3-BF4B-00C04F79EFBC}") = "QZ.Instrument.Global", "QZ.Instrument.Global\QZ.Instrument.Global.csproj", "{CA447225-8FCF-4F08-9B8E-A03F1727C745}"
EndProject
Project("{FAE04EC0-301F-11D3-BF4B-00C04F79EFBC}") = "QZ.Foundation.Document", "QZ.Foundation.Document\QZ.Foundation.Document.csproj", "{509EC34B-13C4-49F2-A87A-1D1321C9A666}"
EndProject
Project("{FAE04EC0-301F-11D3-BF4B-00C04F79EFBC}") = "QZ.Instrument.Common", "QZ.Instrument.Common\QZ.Instrument.Common.csproj", "{33090B85-1A2E-4CDE-A041-FC915B7D6964}"
EndProject
Project("{FAE04EC0-301F-11D3-BF4B-00C04F79EFBC}") = "QZ.Foundation.Function", "QZ.Foundation.Function\QZ.Foundation.Function.csproj", "{3D87BF07-80B5-4F34-B2FD-AA940654CCC4}"
EndProject
Project("{FAE04EC0-301F-11D3-BF4B-00C04F79EFBC}") = "QZ.Foundation.Cache", "QZ.Foundation.Cache\QZ.Foundation.Cache.csproj", "{BCD686CD-FF82-46F3-A275-554F6D7C33C1}"
EndProject
Project("{FAE04EC0-301F-11D3-BF4B-00C04F79EFBC}") = "QZ.Annotation.Deployment", "QZ.Annotation.Deployment\QZ.Annotation.Deployment.csproj", "{B6A85108-5760-4D8A-B285-8EBB4D3F57FE}"
EndProject
Project("{F2A71F9B-5D33-465A-A702-920D77279786}") = "QZ.Foundation.MonadF", "QZ.Foundation.MonadF\QZ.Foundation.MonadF.fsproj", "{E30BEC37-7AD0-4061-951A-3A2D08E12940}"
EndProject
Project("{F2A71F9B-5D33-465A-A702-920D77279786}") = "QZ.Instrument.UtilityF", "QZ.Instrument.UtilityF\QZ.Instrument.UtilityF.fsproj", "{840F45F1-2253-4C1D-BD47-66388565F329}"
EndProject
Project("{F2A71F9B-5D33-465A-A702-920D77279786}") = "QZ.Service.EnterpriseF", "QZ.Service.EnterpriseF\QZ.Service.EnterpriseF.fsproj", "{FACD49D0-6DDA-4BC9-968D-197862D8A389}"
EndProject
Project("{F2A71F9B-5D33-465A-A702-920D77279786}") = "QZ.Instrument.ModelF", "QZ.Instrument.ModelF\QZ.Instrument.ModelF.fsproj", "{1061C427-69B2-4025-B592-6DABD16B1DF6}"
EndProject
Project("{FAE04EC0-301F-11D3-BF4B-00C04F79EFBC}") = "QZ.Test.UnitTest", "QZ.Test.UnitTest\QZ.Test.UnitTest.csproj", "{20CDD56F-48B4-4F6D-8412-E5BF0AC0C124}"
EndProject
Project("{F2A71F9B-5D33-465A-A702-920D77279786}") = "QZ.Instrument.Experiments", "QZ.Instrument.Experiments\QZ.Instrument.Experiments.fsproj", "{3E1E4A01-BC61-4870-980C-7FFFE7C01708}"
EndProject
Project("{F2A71F9B-5D33-465A-A702-920D77279786}") = "QZ.Test.ExperimentsF", "QZ.Test.ExperimentsF\QZ.Test.ExperimentsF.fsproj", "{C06A6A27-2F3B-428E-A52F-B6441D9C7AFC}"
EndProject
Global
	GlobalSection(SolutionConfigurationPlatforms) = preSolution
		Debug|Any CPU = Debug|Any CPU
		Debug|Mixed Platforms = Debug|Mixed Platforms
		Debug|x86 = Debug|x86
		Release|Any CPU = Release|Any CPU
		Release|Mixed Platforms = Release|Mixed Platforms
		Release|x86 = Release|x86
	EndGlobalSection
	GlobalSection(ProjectConfigurationPlatforms) = postSolution
		{4C7B018B-0C86-45F9-877B-AE539589A7EB}.Debug|Any CPU.ActiveCfg = Debug|Any CPU
		{4C7B018B-0C86-45F9-877B-AE539589A7EB}.Debug|Any CPU.Build.0 = Debug|Any CPU
		{4C7B018B-0C86-45F9-877B-AE539589A7EB}.Debug|Mixed Platforms.ActiveCfg = Debug|Any CPU
		{4C7B018B-0C86-45F9-877B-AE539589A7EB}.Debug|x86.ActiveCfg = Debug|Any CPU
		{4C7B018B-0C86-45F9-877B-AE539589A7EB}.Release|Any CPU.ActiveCfg = Release|Any CPU
		{4C7B018B-0C86-45F9-877B-AE539589A7EB}.Release|Any CPU.Build.0 = Release|Any CPU
		{4C7B018B-0C86-45F9-877B-AE539589A7EB}.Release|Mixed Platforms.ActiveCfg = Release|Any CPU
		{4C7B018B-0C86-45F9-877B-AE539589A7EB}.Release|x86.ActiveCfg = Release|Any CPU
		{E2334851-6C46-4EC0-AB62-F499E830845D}.Debug|Any CPU.ActiveCfg = Debug|Any CPU
		{E2334851-6C46-4EC0-AB62-F499E830845D}.Debug|Any CPU.Build.0 = Debug|Any CPU
		{E2334851-6C46-4EC0-AB62-F499E830845D}.Debug|Mixed Platforms.ActiveCfg = Debug|Any CPU
		{E2334851-6C46-4EC0-AB62-F499E830845D}.Debug|x86.ActiveCfg = Debug|Any CPU
		{E2334851-6C46-4EC0-AB62-F499E830845D}.Release|Any CPU.ActiveCfg = Release|Any CPU
		{E2334851-6C46-4EC0-AB62-F499E830845D}.Release|Any CPU.Build.0 = Release|Any CPU
		{E2334851-6C46-4EC0-AB62-F499E830845D}.Release|Mixed Platforms.ActiveCfg = Release|Any CPU
		{E2334851-6C46-4EC0-AB62-F499E830845D}.Release|x86.ActiveCfg = Release|Any CPU
		{50463455-5ECE-46D8-A776-DC1B2FA3C05B}.Debug|Any CPU.ActiveCfg = Debug|Any CPU
		{50463455-5ECE-46D8-A776-DC1B2FA3C05B}.Debug|Any CPU.Build.0 = Debug|Any CPU
		{50463455-5ECE-46D8-A776-DC1B2FA3C05B}.Debug|Mixed Platforms.ActiveCfg = Debug|Any CPU
		{50463455-5ECE-46D8-A776-DC1B2FA3C05B}.Debug|x86.ActiveCfg = Debug|Any CPU
		{50463455-5ECE-46D8-A776-DC1B2FA3C05B}.Release|Any CPU.ActiveCfg = Release|Any CPU
		{50463455-5ECE-46D8-A776-DC1B2FA3C05B}.Release|Any CPU.Build.0 = Release|Any CPU
		{50463455-5ECE-46D8-A776-DC1B2FA3C05B}.Release|Mixed Platforms.ActiveCfg = Release|Any CPU
		{50463455-5ECE-46D8-A776-DC1B2FA3C05B}.Release|x86.ActiveCfg = Release|Any CPU
		{6CD04B1B-F2FE-4422-B70A-E542E5F8B50A}.Debug|Any CPU.ActiveCfg = Debug|Any CPU
		{6CD04B1B-F2FE-4422-B70A-E542E5F8B50A}.Debug|Any CPU.Build.0 = Debug|Any CPU
		{6CD04B1B-F2FE-4422-B70A-E542E5F8B50A}.Debug|Mixed Platforms.ActiveCfg = Debug|Any CPU
		{6CD04B1B-F2FE-4422-B70A-E542E5F8B50A}.Debug|x86.ActiveCfg = Debug|Any CPU
		{6CD04B1B-F2FE-4422-B70A-E542E5F8B50A}.Release|Any CPU.ActiveCfg = Release|Any CPU
		{6CD04B1B-F2FE-4422-B70A-E542E5F8B50A}.Release|Any CPU.Build.0 = Release|Any CPU
		{6CD04B1B-F2FE-4422-B70A-E542E5F8B50A}.Release|Mixed Platforms.ActiveCfg = Release|Any CPU
		{6CD04B1B-F2FE-4422-B70A-E542E5F8B50A}.Release|x86.ActiveCfg = Release|Any CPU
		{ECCD55DE-EBA1-4632-B394-33B14D285E27}.Debug|Any CPU.ActiveCfg = Debug|Any CPU
		{ECCD55DE-EBA1-4632-B394-33B14D285E27}.Debug|Any CPU.Build.0 = Debug|Any CPU
		{ECCD55DE-EBA1-4632-B394-33B14D285E27}.Debug|Mixed Platforms.ActiveCfg = Debug|Any CPU
		{ECCD55DE-EBA1-4632-B394-33B14D285E27}.Debug|x86.ActiveCfg = Debug|Any CPU
		{ECCD55DE-EBA1-4632-B394-33B14D285E27}.Release|Any CPU.ActiveCfg = Release|Any CPU
		{ECCD55DE-EBA1-4632-B394-33B14D285E27}.Release|Any CPU.Build.0 = Release|Any CPU
		{ECCD55DE-EBA1-4632-B394-33B14D285E27}.Release|Mixed Platforms.ActiveCfg = Release|Any CPU
		{ECCD55DE-EBA1-4632-B394-33B14D285E27}.Release|x86.ActiveCfg = Release|Any CPU
		{8F65EC06-F353-49F4-A891-D5CB96C42146}.Debug|Any CPU.ActiveCfg = Debug|Any CPU
		{8F65EC06-F353-49F4-A891-D5CB96C42146}.Debug|Any CPU.Build.0 = Debug|Any CPU
		{8F65EC06-F353-49F4-A891-D5CB96C42146}.Debug|Mixed Platforms.ActiveCfg = Debug|Any CPU
		{8F65EC06-F353-49F4-A891-D5CB96C42146}.Debug|x86.ActiveCfg = Debug|Any CPU
		{8F65EC06-F353-49F4-A891-D5CB96C42146}.Release|Any CPU.ActiveCfg = Release|Any CPU
		{8F65EC06-F353-49F4-A891-D5CB96C42146}.Release|Any CPU.Build.0 = Release|Any CPU
		{8F65EC06-F353-49F4-A891-D5CB96C42146}.Release|Mixed Platforms.ActiveCfg = Release|Any CPU
		{8F65EC06-F353-49F4-A891-D5CB96C42146}.Release|x86.ActiveCfg = Release|Any CPU
		{43F30AD8-4D4A-4A7F-A9ED-79A64930EBC0}.Debug|Any CPU.ActiveCfg = Debug|Any CPU
		{43F30AD8-4D4A-4A7F-A9ED-79A64930EBC0}.Debug|Any CPU.Build.0 = Debug|Any CPU
		{43F30AD8-4D4A-4A7F-A9ED-79A64930EBC0}.Debug|Mixed Platforms.ActiveCfg = Debug|Any CPU
		{43F30AD8-4D4A-4A7F-A9ED-79A64930EBC0}.Debug|x86.ActiveCfg = Debug|Any CPU
		{43F30AD8-4D4A-4A7F-A9ED-79A64930EBC0}.Release|Any CPU.ActiveCfg = Release|Any CPU
		{43F30AD8-4D4A-4A7F-A9ED-79A64930EBC0}.Release|Any CPU.Build.0 = Release|Any CPU
		{43F30AD8-4D4A-4A7F-A9ED-79A64930EBC0}.Release|Mixed Platforms.ActiveCfg = Release|Any CPU
		{43F30AD8-4D4A-4A7F-A9ED-79A64930EBC0}.Release|x86.ActiveCfg = Release|Any CPU
		{F36BC458-5D20-4C3E-9ECA-F7406DEE6910}.Debug|Any CPU.ActiveCfg = Debug|Any CPU
		{F36BC458-5D20-4C3E-9ECA-F7406DEE6910}.Debug|Any CPU.Build.0 = Debug|Any CPU
		{F36BC458-5D20-4C3E-9ECA-F7406DEE6910}.Debug|Mixed Platforms.ActiveCfg = Debug|Any CPU
		{F36BC458-5D20-4C3E-9ECA-F7406DEE6910}.Debug|x86.ActiveCfg = Debug|Any CPU
		{F36BC458-5D20-4C3E-9ECA-F7406DEE6910}.Release|Any CPU.ActiveCfg = Release|Any CPU
		{F36BC458-5D20-4C3E-9ECA-F7406DEE6910}.Release|Any CPU.Build.0 = Release|Any CPU
		{F36BC458-5D20-4C3E-9ECA-F7406DEE6910}.Release|Mixed Platforms.ActiveCfg = Release|Any CPU
		{F36BC458-5D20-4C3E-9ECA-F7406DEE6910}.Release|x86.ActiveCfg = Release|Any CPU
		{87D60F9C-ECB1-4F37-84AE-B8EE8E314E05}.Debug|Any CPU.ActiveCfg = Debug|Any CPU
		{87D60F9C-ECB1-4F37-84AE-B8EE8E314E05}.Debug|Any CPU.Build.0 = Debug|Any CPU
		{87D60F9C-ECB1-4F37-84AE-B8EE8E314E05}.Debug|Mixed Platforms.ActiveCfg = Debug|Any CPU
		{87D60F9C-ECB1-4F37-84AE-B8EE8E314E05}.Debug|x86.ActiveCfg = Debug|Any CPU
		{87D60F9C-ECB1-4F37-84AE-B8EE8E314E05}.Release|Any CPU.ActiveCfg = Release|Any CPU
		{87D60F9C-ECB1-4F37-84AE-B8EE8E314E05}.Release|Any CPU.Build.0 = Release|Any CPU
		{87D60F9C-ECB1-4F37-84AE-B8EE8E314E05}.Release|Mixed Platforms.ActiveCfg = Release|Any CPU
		{87D60F9C-ECB1-4F37-84AE-B8EE8E314E05}.Release|x86.ActiveCfg = Release|Any CPU
		{EFC6A486-7751-497C-A58D-F3461742A9F2}.Debug|Any CPU.ActiveCfg = Debug|Any CPU
		{EFC6A486-7751-497C-A58D-F3461742A9F2}.Debug|Any CPU.Build.0 = Debug|Any CPU
		{EFC6A486-7751-497C-A58D-F3461742A9F2}.Debug|Mixed Platforms.ActiveCfg = Debug|Any CPU
		{EFC6A486-7751-497C-A58D-F3461742A9F2}.Debug|x86.ActiveCfg = Debug|Any CPU
		{EFC6A486-7751-497C-A58D-F3461742A9F2}.Release|Any CPU.ActiveCfg = Release|Any CPU
		{EFC6A486-7751-497C-A58D-F3461742A9F2}.Release|Any CPU.Build.0 = Release|Any CPU
		{EFC6A486-7751-497C-A58D-F3461742A9F2}.Release|Mixed Platforms.ActiveCfg = Release|Any CPU
		{EFC6A486-7751-497C-A58D-F3461742A9F2}.Release|x86.ActiveCfg = Release|Any CPU
		{DAE8A928-AB2A-4923-99F8-7B3D410C0159}.Debug|Any CPU.ActiveCfg = Debug|Any CPU
		{DAE8A928-AB2A-4923-99F8-7B3D410C0159}.Debug|Any CPU.Build.0 = Debug|Any CPU
		{DAE8A928-AB2A-4923-99F8-7B3D410C0159}.Debug|Mixed Platforms.ActiveCfg = Debug|Any CPU
		{DAE8A928-AB2A-4923-99F8-7B3D410C0159}.Debug|x86.ActiveCfg = Debug|Any CPU
		{DAE8A928-AB2A-4923-99F8-7B3D410C0159}.Release|Any CPU.ActiveCfg = Release|Any CPU
		{DAE8A928-AB2A-4923-99F8-7B3D410C0159}.Release|Any CPU.Build.0 = Release|Any CPU
		{DAE8A928-AB2A-4923-99F8-7B3D410C0159}.Release|Mixed Platforms.ActiveCfg = Release|Any CPU
		{DAE8A928-AB2A-4923-99F8-7B3D410C0159}.Release|x86.ActiveCfg = Release|Any CPU
		{A7D92045-C827-4E8F-A3EA-AFFB17A36CFD}.Debug|Any CPU.ActiveCfg = Debug|Any CPU
		{A7D92045-C827-4E8F-A3EA-AFFB17A36CFD}.Debug|Any CPU.Build.0 = Debug|Any CPU
		{A7D92045-C827-4E8F-A3EA-AFFB17A36CFD}.Debug|Mixed Platforms.ActiveCfg = Debug|Any CPU
		{A7D92045-C827-4E8F-A3EA-AFFB17A36CFD}.Debug|x86.ActiveCfg = Debug|Any CPU
		{A7D92045-C827-4E8F-A3EA-AFFB17A36CFD}.Release|Any CPU.ActiveCfg = Release|Any CPU
		{A7D92045-C827-4E8F-A3EA-AFFB17A36CFD}.Release|Any CPU.Build.0 = Release|Any CPU
		{A7D92045-C827-4E8F-A3EA-AFFB17A36CFD}.Release|Mixed Platforms.ActiveCfg = Release|Any CPU
		{A7D92045-C827-4E8F-A3EA-AFFB17A36CFD}.Release|x86.ActiveCfg = Release|Any CPU
		{5894D6E9-BB83-463C-94C1-B4F2D2354495}.Debug|Any CPU.ActiveCfg = Debug|Any CPU
		{5894D6E9-BB83-463C-94C1-B4F2D2354495}.Debug|Any CPU.Build.0 = Debug|Any CPU
		{5894D6E9-BB83-463C-94C1-B4F2D2354495}.Debug|Mixed Platforms.ActiveCfg = Debug|Any CPU
		{5894D6E9-BB83-463C-94C1-B4F2D2354495}.Debug|x86.ActiveCfg = Debug|Any CPU
		{5894D6E9-BB83-463C-94C1-B4F2D2354495}.Release|Any CPU.ActiveCfg = Release|Any CPU
		{5894D6E9-BB83-463C-94C1-B4F2D2354495}.Release|Any CPU.Build.0 = Release|Any CPU
		{5894D6E9-BB83-463C-94C1-B4F2D2354495}.Release|Mixed Platforms.ActiveCfg = Release|Any CPU
		{5894D6E9-BB83-463C-94C1-B4F2D2354495}.Release|x86.ActiveCfg = Release|Any CPU
		{CAFEF55C-CFF5-47FF-BF2A-CD879345357C}.Debug|Any CPU.ActiveCfg = Debug|Any CPU
		{CAFEF55C-CFF5-47FF-BF2A-CD879345357C}.Debug|Any CPU.Build.0 = Debug|Any CPU
		{CAFEF55C-CFF5-47FF-BF2A-CD879345357C}.Debug|Mixed Platforms.ActiveCfg = Debug|Any CPU
		{CAFEF55C-CFF5-47FF-BF2A-CD879345357C}.Debug|x86.ActiveCfg = Debug|Any CPU
		{CAFEF55C-CFF5-47FF-BF2A-CD879345357C}.Release|Any CPU.ActiveCfg = Release|Any CPU
		{CAFEF55C-CFF5-47FF-BF2A-CD879345357C}.Release|Any CPU.Build.0 = Release|Any CPU
		{CAFEF55C-CFF5-47FF-BF2A-CD879345357C}.Release|Mixed Platforms.ActiveCfg = Release|Any CPU
		{CAFEF55C-CFF5-47FF-BF2A-CD879345357C}.Release|x86.ActiveCfg = Release|Any CPU
		{448B1791-7251-47EA-B73D-B8B7FFEC10B4}.Debug|Any CPU.ActiveCfg = Debug|Any CPU
		{448B1791-7251-47EA-B73D-B8B7FFEC10B4}.Debug|Any CPU.Build.0 = Debug|Any CPU
		{448B1791-7251-47EA-B73D-B8B7FFEC10B4}.Debug|Mixed Platforms.ActiveCfg = Debug|Any CPU
		{448B1791-7251-47EA-B73D-B8B7FFEC10B4}.Debug|x86.ActiveCfg = Debug|Any CPU
		{448B1791-7251-47EA-B73D-B8B7FFEC10B4}.Release|Any CPU.ActiveCfg = Release|Any CPU
		{448B1791-7251-47EA-B73D-B8B7FFEC10B4}.Release|Any CPU.Build.0 = Release|Any CPU
		{448B1791-7251-47EA-B73D-B8B7FFEC10B4}.Release|Mixed Platforms.ActiveCfg = Release|Any CPU
		{448B1791-7251-47EA-B73D-B8B7FFEC10B4}.Release|x86.ActiveCfg = Release|Any CPU
		{D90B4929-F494-4EB0-B14D-6342B034FC0A}.Debug|Any CPU.ActiveCfg = Debug|Any CPU
		{D90B4929-F494-4EB0-B14D-6342B034FC0A}.Debug|Any CPU.Build.0 = Debug|Any CPU
		{D90B4929-F494-4EB0-B14D-6342B034FC0A}.Debug|Mixed Platforms.ActiveCfg = Debug|Any CPU
		{D90B4929-F494-4EB0-B14D-6342B034FC0A}.Debug|x86.ActiveCfg = Debug|Any CPU
		{D90B4929-F494-4EB0-B14D-6342B034FC0A}.Release|Any CPU.ActiveCfg = Release|Any CPU
		{D90B4929-F494-4EB0-B14D-6342B034FC0A}.Release|Any CPU.Build.0 = Release|Any CPU
		{D90B4929-F494-4EB0-B14D-6342B034FC0A}.Release|Mixed Platforms.ActiveCfg = Release|Any CPU
		{D90B4929-F494-4EB0-B14D-6342B034FC0A}.Release|x86.ActiveCfg = Release|Any CPU
		{CA447225-8FCF-4F08-9B8E-A03F1727C745}.Debug|Any CPU.ActiveCfg = Debug|Any CPU
		{CA447225-8FCF-4F08-9B8E-A03F1727C745}.Debug|Any CPU.Build.0 = Debug|Any CPU
		{CA447225-8FCF-4F08-9B8E-A03F1727C745}.Debug|Mixed Platforms.ActiveCfg = Debug|Any CPU
		{CA447225-8FCF-4F08-9B8E-A03F1727C745}.Debug|x86.ActiveCfg = Debug|Any CPU
		{CA447225-8FCF-4F08-9B8E-A03F1727C745}.Release|Any CPU.ActiveCfg = Release|Any CPU
		{CA447225-8FCF-4F08-9B8E-A03F1727C745}.Release|Any CPU.Build.0 = Release|Any CPU
		{CA447225-8FCF-4F08-9B8E-A03F1727C745}.Release|Mixed Platforms.ActiveCfg = Release|Any CPU
		{CA447225-8FCF-4F08-9B8E-A03F1727C745}.Release|x86.ActiveCfg = Release|Any CPU
		{509EC34B-13C4-49F2-A87A-1D1321C9A666}.Debug|Any CPU.ActiveCfg = Debug|Any CPU
		{509EC34B-13C4-49F2-A87A-1D1321C9A666}.Debug|Any CPU.Build.0 = Debug|Any CPU
		{509EC34B-13C4-49F2-A87A-1D1321C9A666}.Debug|Mixed Platforms.ActiveCfg = Debug|Any CPU
		{509EC34B-13C4-49F2-A87A-1D1321C9A666}.Debug|x86.ActiveCfg = Debug|Any CPU
		{509EC34B-13C4-49F2-A87A-1D1321C9A666}.Release|Any CPU.ActiveCfg = Release|Any CPU
		{509EC34B-13C4-49F2-A87A-1D1321C9A666}.Release|Any CPU.Build.0 = Release|Any CPU
		{509EC34B-13C4-49F2-A87A-1D1321C9A666}.Release|Mixed Platforms.ActiveCfg = Release|Any CPU
		{509EC34B-13C4-49F2-A87A-1D1321C9A666}.Release|x86.ActiveCfg = Release|Any CPU
		{33090B85-1A2E-4CDE-A041-FC915B7D6964}.Debug|Any CPU.ActiveCfg = Debug|Any CPU
		{33090B85-1A2E-4CDE-A041-FC915B7D6964}.Debug|Any CPU.Build.0 = Debug|Any CPU
		{33090B85-1A2E-4CDE-A041-FC915B7D6964}.Debug|Mixed Platforms.ActiveCfg = Debug|Any CPU
		{33090B85-1A2E-4CDE-A041-FC915B7D6964}.Debug|x86.ActiveCfg = Debug|Any CPU
		{33090B85-1A2E-4CDE-A041-FC915B7D6964}.Release|Any CPU.ActiveCfg = Release|Any CPU
		{33090B85-1A2E-4CDE-A041-FC915B7D6964}.Release|Any CPU.Build.0 = Release|Any CPU
		{33090B85-1A2E-4CDE-A041-FC915B7D6964}.Release|Mixed Platforms.ActiveCfg = Release|Any CPU
		{33090B85-1A2E-4CDE-A041-FC915B7D6964}.Release|x86.ActiveCfg = Release|Any CPU
		{3D87BF07-80B5-4F34-B2FD-AA940654CCC4}.Debug|Any CPU.ActiveCfg = Debug|Any CPU
		{3D87BF07-80B5-4F34-B2FD-AA940654CCC4}.Debug|Any CPU.Build.0 = Debug|Any CPU
		{3D87BF07-80B5-4F34-B2FD-AA940654CCC4}.Debug|Mixed Platforms.ActiveCfg = Debug|Any CPU
		{3D87BF07-80B5-4F34-B2FD-AA940654CCC4}.Debug|x86.ActiveCfg = Debug|Any CPU
		{3D87BF07-80B5-4F34-B2FD-AA940654CCC4}.Release|Any CPU.ActiveCfg = Release|Any CPU
		{3D87BF07-80B5-4F34-B2FD-AA940654CCC4}.Release|Any CPU.Build.0 = Release|Any CPU
		{3D87BF07-80B5-4F34-B2FD-AA940654CCC4}.Release|Mixed Platforms.ActiveCfg = Release|Any CPU
		{3D87BF07-80B5-4F34-B2FD-AA940654CCC4}.Release|x86.ActiveCfg = Release|Any CPU
		{BCD686CD-FF82-46F3-A275-554F6D7C33C1}.Debug|Any CPU.ActiveCfg = Debug|Any CPU
		{BCD686CD-FF82-46F3-A275-554F6D7C33C1}.Debug|Any CPU.Build.0 = Debug|Any CPU
		{BCD686CD-FF82-46F3-A275-554F6D7C33C1}.Debug|Mixed Platforms.ActiveCfg = Debug|Any CPU
		{BCD686CD-FF82-46F3-A275-554F6D7C33C1}.Debug|x86.ActiveCfg = Debug|Any CPU
		{BCD686CD-FF82-46F3-A275-554F6D7C33C1}.Release|Any CPU.ActiveCfg = Release|Any CPU
		{BCD686CD-FF82-46F3-A275-554F6D7C33C1}.Release|Any CPU.Build.0 = Release|Any CPU
		{BCD686CD-FF82-46F3-A275-554F6D7C33C1}.Release|Mixed Platforms.ActiveCfg = Release|Any CPU
		{BCD686CD-FF82-46F3-A275-554F6D7C33C1}.Release|x86.ActiveCfg = Release|Any CPU
		{B6A85108-5760-4D8A-B285-8EBB4D3F57FE}.Debug|Any CPU.ActiveCfg = Debug|Any CPU
		{B6A85108-5760-4D8A-B285-8EBB4D3F57FE}.Debug|Any CPU.Build.0 = Debug|Any CPU
		{B6A85108-5760-4D8A-B285-8EBB4D3F57FE}.Debug|Mixed Platforms.ActiveCfg = Debug|Any CPU
		{B6A85108-5760-4D8A-B285-8EBB4D3F57FE}.Debug|Mixed Platforms.Build.0 = Debug|Any CPU
		{B6A85108-5760-4D8A-B285-8EBB4D3F57FE}.Debug|x86.ActiveCfg = Debug|Any CPU
		{B6A85108-5760-4D8A-B285-8EBB4D3F57FE}.Debug|x86.Build.0 = Debug|Any CPU
		{B6A85108-5760-4D8A-B285-8EBB4D3F57FE}.Release|Any CPU.ActiveCfg = Release|Any CPU
		{B6A85108-5760-4D8A-B285-8EBB4D3F57FE}.Release|Any CPU.Build.0 = Release|Any CPU
		{B6A85108-5760-4D8A-B285-8EBB4D3F57FE}.Release|Mixed Platforms.ActiveCfg = Release|Any CPU
		{B6A85108-5760-4D8A-B285-8EBB4D3F57FE}.Release|Mixed Platforms.Build.0 = Release|Any CPU
		{B6A85108-5760-4D8A-B285-8EBB4D3F57FE}.Release|x86.ActiveCfg = Release|Any CPU
		{B6A85108-5760-4D8A-B285-8EBB4D3F57FE}.Release|x86.Build.0 = Release|Any CPU
		{E30BEC37-7AD0-4061-951A-3A2D08E12940}.Debug|Any CPU.ActiveCfg = Debug|Any CPU
		{E30BEC37-7AD0-4061-951A-3A2D08E12940}.Debug|Any CPU.Build.0 = Debug|Any CPU
		{E30BEC37-7AD0-4061-951A-3A2D08E12940}.Debug|Mixed Platforms.ActiveCfg = Debug|Any CPU
		{E30BEC37-7AD0-4061-951A-3A2D08E12940}.Debug|Mixed Platforms.Build.0 = Debug|Any CPU
		{E30BEC37-7AD0-4061-951A-3A2D08E12940}.Debug|x86.ActiveCfg = Debug|Any CPU
		{E30BEC37-7AD0-4061-951A-3A2D08E12940}.Debug|x86.Build.0 = Debug|Any CPU
		{E30BEC37-7AD0-4061-951A-3A2D08E12940}.Release|Any CPU.ActiveCfg = Release|Any CPU
		{E30BEC37-7AD0-4061-951A-3A2D08E12940}.Release|Any CPU.Build.0 = Release|Any CPU
		{E30BEC37-7AD0-4061-951A-3A2D08E12940}.Release|Mixed Platforms.ActiveCfg = Release|Any CPU
		{E30BEC37-7AD0-4061-951A-3A2D08E12940}.Release|Mixed Platforms.Build.0 = Release|Any CPU
		{E30BEC37-7AD0-4061-951A-3A2D08E12940}.Release|x86.ActiveCfg = Release|Any CPU
		{E30BEC37-7AD0-4061-951A-3A2D08E12940}.Release|x86.Build.0 = Release|Any CPU
		{840F45F1-2253-4C1D-BD47-66388565F329}.Debug|Any CPU.ActiveCfg = Debug|Any CPU
		{840F45F1-2253-4C1D-BD47-66388565F329}.Debug|Any CPU.Build.0 = Debug|Any CPU
		{840F45F1-2253-4C1D-BD47-66388565F329}.Debug|Mixed Platforms.ActiveCfg = Debug|Any CPU
		{840F45F1-2253-4C1D-BD47-66388565F329}.Debug|Mixed Platforms.Build.0 = Debug|Any CPU
		{840F45F1-2253-4C1D-BD47-66388565F329}.Debug|x86.ActiveCfg = Debug|Any CPU
		{840F45F1-2253-4C1D-BD47-66388565F329}.Debug|x86.Build.0 = Debug|Any CPU
		{840F45F1-2253-4C1D-BD47-66388565F329}.Release|Any CPU.ActiveCfg = Release|Any CPU
		{840F45F1-2253-4C1D-BD47-66388565F329}.Release|Any CPU.Build.0 = Release|Any CPU
		{840F45F1-2253-4C1D-BD47-66388565F329}.Release|Mixed Platforms.ActiveCfg = Release|Any CPU
		{840F45F1-2253-4C1D-BD47-66388565F329}.Release|Mixed Platforms.Build.0 = Release|Any CPU
		{840F45F1-2253-4C1D-BD47-66388565F329}.Release|x86.ActiveCfg = Release|Any CPU
		{840F45F1-2253-4C1D-BD47-66388565F329}.Release|x86.Build.0 = Release|Any CPU
		{FACD49D0-6DDA-4BC9-968D-197862D8A389}.Debug|Any CPU.ActiveCfg = Debug|Any CPU
		{FACD49D0-6DDA-4BC9-968D-197862D8A389}.Debug|Any CPU.Build.0 = Debug|Any CPU
		{FACD49D0-6DDA-4BC9-968D-197862D8A389}.Debug|Mixed Platforms.ActiveCfg = Debug|Any CPU
		{FACD49D0-6DDA-4BC9-968D-197862D8A389}.Debug|Mixed Platforms.Build.0 = Debug|Any CPU
		{FACD49D0-6DDA-4BC9-968D-197862D8A389}.Debug|x86.ActiveCfg = Debug|Any CPU
		{FACD49D0-6DDA-4BC9-968D-197862D8A389}.Debug|x86.Build.0 = Debug|Any CPU
		{FACD49D0-6DDA-4BC9-968D-197862D8A389}.Release|Any CPU.ActiveCfg = Release|Any CPU
		{FACD49D0-6DDA-4BC9-968D-197862D8A389}.Release|Any CPU.Build.0 = Release|Any CPU
		{FACD49D0-6DDA-4BC9-968D-197862D8A389}.Release|Mixed Platforms.ActiveCfg = Release|Any CPU
		{FACD49D0-6DDA-4BC9-968D-197862D8A389}.Release|Mixed Platforms.Build.0 = Release|Any CPU
		{FACD49D0-6DDA-4BC9-968D-197862D8A389}.Release|x86.ActiveCfg = Release|Any CPU
		{FACD49D0-6DDA-4BC9-968D-197862D8A389}.Release|x86.Build.0 = Release|Any CPU
		{1061C427-69B2-4025-B592-6DABD16B1DF6}.Debug|Any CPU.ActiveCfg = Debug|Any CPU
		{1061C427-69B2-4025-B592-6DABD16B1DF6}.Debug|Any CPU.Build.0 = Debug|Any CPU
		{1061C427-69B2-4025-B592-6DABD16B1DF6}.Debug|Mixed Platforms.ActiveCfg = Debug|Any CPU
		{1061C427-69B2-4025-B592-6DABD16B1DF6}.Debug|Mixed Platforms.Build.0 = Debug|Any CPU
		{1061C427-69B2-4025-B592-6DABD16B1DF6}.Debug|x86.ActiveCfg = Debug|Any CPU
		{1061C427-69B2-4025-B592-6DABD16B1DF6}.Debug|x86.Build.0 = Debug|Any CPU
		{1061C427-69B2-4025-B592-6DABD16B1DF6}.Release|Any CPU.ActiveCfg = Release|Any CPU
		{1061C427-69B2-4025-B592-6DABD16B1DF6}.Release|Any CPU.Build.0 = Release|Any CPU
		{1061C427-69B2-4025-B592-6DABD16B1DF6}.Release|Mixed Platforms.ActiveCfg = Release|Any CPU
		{1061C427-69B2-4025-B592-6DABD16B1DF6}.Release|Mixed Platforms.Build.0 = Release|Any CPU
		{1061C427-69B2-4025-B592-6DABD16B1DF6}.Release|x86.ActiveCfg = Release|Any CPU
		{1061C427-69B2-4025-B592-6DABD16B1DF6}.Release|x86.Build.0 = Release|Any CPU
		{20CDD56F-48B4-4F6D-8412-E5BF0AC0C124}.Debug|Any CPU.ActiveCfg = Debug|Any CPU
		{20CDD56F-48B4-4F6D-8412-E5BF0AC0C124}.Debug|Any CPU.Build.0 = Debug|Any CPU
		{20CDD56F-48B4-4F6D-8412-E5BF0AC0C124}.Debug|Mixed Platforms.ActiveCfg = Debug|Any CPU
		{20CDD56F-48B4-4F6D-8412-E5BF0AC0C124}.Debug|Mixed Platforms.Build.0 = Debug|Any CPU
		{20CDD56F-48B4-4F6D-8412-E5BF0AC0C124}.Debug|x86.ActiveCfg = Debug|Any CPU
		{20CDD56F-48B4-4F6D-8412-E5BF0AC0C124}.Debug|x86.Build.0 = Debug|Any CPU
		{20CDD56F-48B4-4F6D-8412-E5BF0AC0C124}.Release|Any CPU.ActiveCfg = Release|Any CPU
		{20CDD56F-48B4-4F6D-8412-E5BF0AC0C124}.Release|Any CPU.Build.0 = Release|Any CPU
		{20CDD56F-48B4-4F6D-8412-E5BF0AC0C124}.Release|Mixed Platforms.ActiveCfg = Release|Any CPU
		{20CDD56F-48B4-4F6D-8412-E5BF0AC0C124}.Release|Mixed Platforms.Build.0 = Release|Any CPU
		{20CDD56F-48B4-4F6D-8412-E5BF0AC0C124}.Release|x86.ActiveCfg = Release|Any CPU
		{20CDD56F-48B4-4F6D-8412-E5BF0AC0C124}.Release|x86.Build.0 = Release|Any CPU
		{3E1E4A01-BC61-4870-980C-7FFFE7C01708}.Debug|Any CPU.ActiveCfg = Debug|Any CPU
		{3E1E4A01-BC61-4870-980C-7FFFE7C01708}.Debug|Any CPU.Build.0 = Debug|Any CPU
		{3E1E4A01-BC61-4870-980C-7FFFE7C01708}.Debug|Mixed Platforms.ActiveCfg = Debug|Any CPU
		{3E1E4A01-BC61-4870-980C-7FFFE7C01708}.Debug|Mixed Platforms.Build.0 = Debug|Any CPU
		{3E1E4A01-BC61-4870-980C-7FFFE7C01708}.Debug|x86.ActiveCfg = Debug|Any CPU
		{3E1E4A01-BC61-4870-980C-7FFFE7C01708}.Debug|x86.Build.0 = Debug|Any CPU
		{3E1E4A01-BC61-4870-980C-7FFFE7C01708}.Release|Any CPU.ActiveCfg = Release|Any CPU
		{3E1E4A01-BC61-4870-980C-7FFFE7C01708}.Release|Any CPU.Build.0 = Release|Any CPU
		{3E1E4A01-BC61-4870-980C-7FFFE7C01708}.Release|Mixed Platforms.ActiveCfg = Release|Any CPU
		{3E1E4A01-BC61-4870-980C-7FFFE7C01708}.Release|Mixed Platforms.Build.0 = Release|Any CPU
		{3E1E4A01-BC61-4870-980C-7FFFE7C01708}.Release|x86.ActiveCfg = Release|Any CPU
		{3E1E4A01-BC61-4870-980C-7FFFE7C01708}.Release|x86.Build.0 = Release|Any CPU
		{C06A6A27-2F3B-428E-A52F-B6441D9C7AFC}.Debug|Any CPU.ActiveCfg = Debug|Any CPU
		{C06A6A27-2F3B-428E-A52F-B6441D9C7AFC}.Debug|Any CPU.Build.0 = Debug|Any CPU
		{C06A6A27-2F3B-428E-A52F-B6441D9C7AFC}.Debug|Mixed Platforms.ActiveCfg = Debug|Any CPU
		{C06A6A27-2F3B-428E-A52F-B6441D9C7AFC}.Debug|Mixed Platforms.Build.0 = Debug|Any CPU
		{C06A6A27-2F3B-428E-A52F-B6441D9C7AFC}.Debug|x86.ActiveCfg = Debug|Any CPU
		{C06A6A27-2F3B-428E-A52F-B6441D9C7AFC}.Debug|x86.Build.0 = Debug|Any CPU
		{C06A6A27-2F3B-428E-A52F-B6441D9C7AFC}.Release|Any CPU.ActiveCfg = Release|Any CPU
		{C06A6A27-2F3B-428E-A52F-B6441D9C7AFC}.Release|Any CPU.Build.0 = Release|Any CPU
		{C06A6A27-2F3B-428E-A52F-B6441D9C7AFC}.Release|Mixed Platforms.ActiveCfg = Release|Any CPU
		{C06A6A27-2F3B-428E-A52F-B6441D9C7AFC}.Release|Mixed Platforms.Build.0 = Release|Any CPU
		{C06A6A27-2F3B-428E-A52F-B6441D9C7AFC}.Release|x86.ActiveCfg = Release|Any CPU
		{C06A6A27-2F3B-428E-A52F-B6441D9C7AFC}.Release|x86.Build.0 = Release|Any CPU
	EndGlobalSection
	GlobalSection(SolutionProperties) = preSolution
		HideSolutionNode = FALSE
	EndGlobalSection
	GlobalSection(NestedProjects) = preSolution
		{4C7B018B-0C86-45F9-877B-AE539589A7EB} = {AF84B35D-1848-4AF3-880D-A6B7308D874C}
		{E2334851-6C46-4EC0-AB62-F499E830845D} = {AF84B35D-1848-4AF3-880D-A6B7308D874C}
		{50463455-5ECE-46D8-A776-DC1B2FA3C05B} = {A1C861DA-6953-4A37-89FA-E145DB39BDEA}
		{6CD04B1B-F2FE-4422-B70A-E542E5F8B50A} = {A1C861DA-6953-4A37-89FA-E145DB39BDEA}
		{ECCD55DE-EBA1-4632-B394-33B14D285E27} = {A1C861DA-6953-4A37-89FA-E145DB39BDEA}
		{8F65EC06-F353-49F4-A891-D5CB96C42146} = {A1C861DA-6953-4A37-89FA-E145DB39BDEA}
		{43F30AD8-4D4A-4A7F-A9ED-79A64930EBC0} = {AF84B35D-1848-4AF3-880D-A6B7308D874C}
		{F36BC458-5D20-4C3E-9ECA-F7406DEE6910} = {DBF5D019-1492-49AC-86B7-F1FF0B189F98}
		{87D60F9C-ECB1-4F37-84AE-B8EE8E314E05} = {AB02F4C7-B31F-4F08-B88D-178F6D740F7D}
		{EFC6A486-7751-497C-A58D-F3461742A9F2} = {AB02F4C7-B31F-4F08-B88D-178F6D740F7D}
		{DAE8A928-AB2A-4923-99F8-7B3D410C0159} = {DBF5D019-1492-49AC-86B7-F1FF0B189F98}
		{A7D92045-C827-4E8F-A3EA-AFFB17A36CFD} = {DBF5D019-1492-49AC-86B7-F1FF0B189F98}
		{5894D6E9-BB83-463C-94C1-B4F2D2354495} = {AB02F4C7-B31F-4F08-B88D-178F6D740F7D}
		{CAFEF55C-CFF5-47FF-BF2A-CD879345357C} = {A1C861DA-6953-4A37-89FA-E145DB39BDEA}
		{448B1791-7251-47EA-B73D-B8B7FFEC10B4} = {AB02F4C7-B31F-4F08-B88D-178F6D740F7D}
		{D90B4929-F494-4EB0-B14D-6342B034FC0A} = {A1C861DA-6953-4A37-89FA-E145DB39BDEA}
		{CA447225-8FCF-4F08-9B8E-A03F1727C745} = {A1C861DA-6953-4A37-89FA-E145DB39BDEA}
		{509EC34B-13C4-49F2-A87A-1D1321C9A666} = {AF84B35D-1848-4AF3-880D-A6B7308D874C}
		{33090B85-1A2E-4CDE-A041-FC915B7D6964} = {A1C861DA-6953-4A37-89FA-E145DB39BDEA}
		{3D87BF07-80B5-4F34-B2FD-AA940654CCC4} = {AF84B35D-1848-4AF3-880D-A6B7308D874C}
		{BCD686CD-FF82-46F3-A275-554F6D7C33C1} = {AF84B35D-1848-4AF3-880D-A6B7308D874C}
		{B6A85108-5760-4D8A-B285-8EBB4D3F57FE} = {F9CABA7F-3EB7-40A1-8EE2-96C58D50F057}
		{E30BEC37-7AD0-4061-951A-3A2D08E12940} = {AF84B35D-1848-4AF3-880D-A6B7308D874C}
		{840F45F1-2253-4C1D-BD47-66388565F329} = {A1C861DA-6953-4A37-89FA-E145DB39BDEA}
		{FACD49D0-6DDA-4BC9-968D-197862D8A389} = {DBF5D019-1492-49AC-86B7-F1FF0B189F98}
		{1061C427-69B2-4025-B592-6DABD16B1DF6} = {A1C861DA-6953-4A37-89FA-E145DB39BDEA}
		{20CDD56F-48B4-4F6D-8412-E5BF0AC0C124} = {AB02F4C7-B31F-4F08-B88D-178F6D740F7D}
		{3E1E4A01-BC61-4870-980C-7FFFE7C01708} = {A1C861DA-6953-4A37-89FA-E145DB39BDEA}
		{C06A6A27-2F3B-428E-A52F-B6441D9C7AFC} = {AB02F4C7-B31F-4F08-B88D-178F6D740F7D}
	EndGlobalSection
	GlobalSection(ExtensibilityGlobals) = postSolution
		EnterpriseLibraryConfigurationToolBinariesPathV6 = packages\EnterpriseLibrary.Common.6.0.1304.0\lib\NET45;packages\EnterpriseLibrary.Data.6.0.1304.0\lib\NET45
	EndGlobalSection
EndGlobal
